// !$*UTF8*$!
{
	archiveVersion = 1;
	classes = {
	};
	objectVersion = 46;
	objects = {

/* Begin PBXBuildFile section */
		5A13608A7C800384A50DE431 /* Pods_PlayFull_ProjectTests.framework in Frameworks */ = {isa = PBXBuildFile; fileRef = 18DAD0A70D6530859C69F036 /* Pods_PlayFull_ProjectTests.framework */; };
		6BF095CF1D0BCA3100227FC4 /* AppDelegate.swift in Sources */ = {isa = PBXBuildFile; fileRef = 6BF095CE1D0BCA3100227FC4 /* AppDelegate.swift */; };
		6BF095D11D0BCA3100227FC4 /* ViewController.swift in Sources */ = {isa = PBXBuildFile; fileRef = 6BF095D01D0BCA3100227FC4 /* ViewController.swift */; };
		6BF095D41D0BCA3100227FC4 /* Main.storyboard in Resources */ = {isa = PBXBuildFile; fileRef = 6BF095D21D0BCA3100227FC4 /* Main.storyboard */; };
		6BF095D71D0BCA3100227FC4 /* PlayFull_Project.xcdatamodeld in Sources */ = {isa = PBXBuildFile; fileRef = 6BF095D51D0BCA3100227FC4 /* PlayFull_Project.xcdatamodeld */; };
		6BF095D91D0BCA3100227FC4 /* Assets.xcassets in Resources */ = {isa = PBXBuildFile; fileRef = 6BF095D81D0BCA3100227FC4 /* Assets.xcassets */; };
		6BF095DC1D0BCA3100227FC4 /* LaunchScreen.storyboard in Resources */ = {isa = PBXBuildFile; fileRef = 6BF095DA1D0BCA3100227FC4 /* LaunchScreen.storyboard */; };
		6BF095E71D0BCA3100227FC4 /* PlayFull_ProjectTests.swift in Sources */ = {isa = PBXBuildFile; fileRef = 6BF095E61D0BCA3100227FC4 /* PlayFull_ProjectTests.swift */; };
		6BF095F21D0BCA3100227FC4 /* PlayFull_ProjectUITests.swift in Sources */ = {isa = PBXBuildFile; fileRef = 6BF095F11D0BCA3100227FC4 /* PlayFull_ProjectUITests.swift */; };
		91B3434DFBBF3174856CF94B /* Pods_PlayFull_ProjectUITests.framework in Frameworks */ = {isa = PBXBuildFile; fileRef = 3FD76D32F9A4FDA42DC439D6 /* Pods_PlayFull_ProjectUITests.framework */; };
		C677E67FCE0C086EE66D8535 /* Pods_PlayFull_Project.framework in Frameworks */ = {isa = PBXBuildFile; fileRef = 22015D7DECC5CA040FF7D054 /* Pods_PlayFull_Project.framework */; };
/* End PBXBuildFile section */

/* Begin PBXContainerItemProxy section */
		6BF095E31D0BCA3100227FC4 /* PBXContainerItemProxy */ = {
			isa = PBXContainerItemProxy;
			containerPortal = 6BF095C31D0BCA3000227FC4 /* Project object */;
			proxyType = 1;
			remoteGlobalIDString = 6BF095CA1D0BCA3000227FC4;
			remoteInfo = "PlayFull Project";
		};
		6BF095EE1D0BCA3100227FC4 /* PBXContainerItemProxy */ = {
			isa = PBXContainerItemProxy;
			containerPortal = 6BF095C31D0BCA3000227FC4 /* Project object */;
			proxyType = 1;
			remoteGlobalIDString = 6BF095CA1D0BCA3000227FC4;
			remoteInfo = "PlayFull Project";
		};
/* End PBXContainerItemProxy section */

/* Begin PBXFileReference section */
		18DAD0A70D6530859C69F036 /* Pods_PlayFull_ProjectTests.framework */ = {isa = PBXFileReference; explicitFileType = wrapper.framework; includeInIndex = 0; path = Pods_PlayFull_ProjectTests.framework; sourceTree = BUILT_PRODUCTS_DIR; };
		22015D7DECC5CA040FF7D054 /* Pods_PlayFull_Project.framework */ = {isa = PBXFileReference; explicitFileType = wrapper.framework; includeInIndex = 0; path = Pods_PlayFull_Project.framework; sourceTree = BUILT_PRODUCTS_DIR; };
		23E11AF5023FF03D87CCCA28 /* Pods-PlayFull ProjectTests.release.xcconfig */ = {isa = PBXFileReference; includeInIndex = 1; lastKnownFileType = text.xcconfig; name = "Pods-PlayFull ProjectTests.release.xcconfig"; path = "Pods/Target Support Files/Pods-PlayFull ProjectTests/Pods-PlayFull ProjectTests.release.xcconfig"; sourceTree = "<group>"; };
		38B01119E2B99BAB11D00721 /* Pods-PlayFull ProjectUITests.release.xcconfig */ = {isa = PBXFileReference; includeInIndex = 1; lastKnownFileType = text.xcconfig; name = "Pods-PlayFull ProjectUITests.release.xcconfig"; path = "Pods/Target Support Files/Pods-PlayFull ProjectUITests/Pods-PlayFull ProjectUITests.release.xcconfig"; sourceTree = "<group>"; };
		3FD76D32F9A4FDA42DC439D6 /* Pods_PlayFull_ProjectUITests.framework */ = {isa = PBXFileReference; explicitFileType = wrapper.framework; includeInIndex = 0; path = Pods_PlayFull_ProjectUITests.framework; sourceTree = BUILT_PRODUCTS_DIR; };
		5ECF195060248F1CAC07B75C /* Pods-PlayFull ProjectTests.debug.xcconfig */ = {isa = PBXFileReference; includeInIndex = 1; lastKnownFileType = text.xcconfig; name = "Pods-PlayFull ProjectTests.debug.xcconfig"; path = "Pods/Target Support Files/Pods-PlayFull ProjectTests/Pods-PlayFull ProjectTests.debug.xcconfig"; sourceTree = "<group>"; };
		6BF095CB1D0BCA3000227FC4 /* PlayFull Project.app */ = {isa = PBXFileReference; explicitFileType = wrapper.application; includeInIndex = 0; path = "PlayFull Project.app"; sourceTree = BUILT_PRODUCTS_DIR; };
		6BF095CE1D0BCA3100227FC4 /* AppDelegate.swift */ = {isa = PBXFileReference; lastKnownFileType = sourcecode.swift; path = AppDelegate.swift; sourceTree = "<group>"; };
		6BF095D01D0BCA3100227FC4 /* ViewController.swift */ = {isa = PBXFileReference; lastKnownFileType = sourcecode.swift; path = ViewController.swift; sourceTree = "<group>"; };
		6BF095D31D0BCA3100227FC4 /* Base */ = {isa = PBXFileReference; lastKnownFileType = file.storyboard; name = Base; path = Base.lproj/Main.storyboard; sourceTree = "<group>"; };
		6BF095D61D0BCA3100227FC4 /* PlayFull_Project.xcdatamodel */ = {isa = PBXFileReference; lastKnownFileType = wrapper.xcdatamodel; path = PlayFull_Project.xcdatamodel; sourceTree = "<group>"; };
		6BF095D81D0BCA3100227FC4 /* Assets.xcassets */ = {isa = PBXFileReference; lastKnownFileType = folder.assetcatalog; path = Assets.xcassets; sourceTree = "<group>"; };
		6BF095DB1D0BCA3100227FC4 /* Base */ = {isa = PBXFileReference; lastKnownFileType = file.storyboard; name = Base; path = Base.lproj/LaunchScreen.storyboard; sourceTree = "<group>"; };
		6BF095DD1D0BCA3100227FC4 /* Info.plist */ = {isa = PBXFileReference; lastKnownFileType = text.plist.xml; path = Info.plist; sourceTree = "<group>"; };
		6BF095E21D0BCA3100227FC4 /* PlayFull ProjectTests.xctest */ = {isa = PBXFileReference; explicitFileType = wrapper.cfbundle; includeInIndex = 0; path = "PlayFull ProjectTests.xctest"; sourceTree = BUILT_PRODUCTS_DIR; };
		6BF095E61D0BCA3100227FC4 /* PlayFull_ProjectTests.swift */ = {isa = PBXFileReference; lastKnownFileType = sourcecode.swift; path = PlayFull_ProjectTests.swift; sourceTree = "<group>"; };
		6BF095E81D0BCA3100227FC4 /* Info.plist */ = {isa = PBXFileReference; lastKnownFileType = text.plist.xml; path = Info.plist; sourceTree = "<group>"; };
		6BF095ED1D0BCA3100227FC4 /* PlayFull ProjectUITests.xctest */ = {isa = PBXFileReference; explicitFileType = wrapper.cfbundle; includeInIndex = 0; path = "PlayFull ProjectUITests.xctest"; sourceTree = BUILT_PRODUCTS_DIR; };
		6BF095F11D0BCA3100227FC4 /* PlayFull_ProjectUITests.swift */ = {isa = PBXFileReference; lastKnownFileType = sourcecode.swift; path = PlayFull_ProjectUITests.swift; sourceTree = "<group>"; };
		6BF095F31D0BCA3100227FC4 /* Info.plist */ = {isa = PBXFileReference; lastKnownFileType = text.plist.xml; path = Info.plist; sourceTree = "<group>"; };
		80A863C49CA71322DDCB82ED /* Pods-PlayFull Project.release.xcconfig */ = {isa = PBXFileReference; includeInIndex = 1; lastKnownFileType = text.xcconfig; name = "Pods-PlayFull Project.release.xcconfig"; path = "Pods/Target Support Files/Pods-PlayFull Project/Pods-PlayFull Project.release.xcconfig"; sourceTree = "<group>"; };
		949464D3FC01CF2A25F1118A /* Pods-PlayFull Project.debug.xcconfig */ = {isa = PBXFileReference; includeInIndex = 1; lastKnownFileType = text.xcconfig; name = "Pods-PlayFull Project.debug.xcconfig"; path = "Pods/Target Support Files/Pods-PlayFull Project/Pods-PlayFull Project.debug.xcconfig"; sourceTree = "<group>"; };
		E94D0375AF47C526199ED3A8 /* Pods-PlayFull ProjectUITests.debug.xcconfig */ = {isa = PBXFileReference; includeInIndex = 1; lastKnownFileType = text.xcconfig; name = "Pods-PlayFull ProjectUITests.debug.xcconfig"; path = "Pods/Target Support Files/Pods-PlayFull ProjectUITests/Pods-PlayFull ProjectUITests.debug.xcconfig"; sourceTree = "<group>"; };
/* End PBXFileReference section */

/* Begin PBXFrameworksBuildPhase section */
		6BF095C81D0BCA3000227FC4 /* Frameworks */ = {
			isa = PBXFrameworksBuildPhase;
			buildActionMask = 2147483647;
			files = (
				C677E67FCE0C086EE66D8535 /* Pods_PlayFull_Project.framework in Frameworks */,
			);
			runOnlyForDeploymentPostprocessing = 0;
		};
		6BF095DF1D0BCA3100227FC4 /* Frameworks */ = {
			isa = PBXFrameworksBuildPhase;
			buildActionMask = 2147483647;
			files = (
				5A13608A7C800384A50DE431 /* Pods_PlayFull_ProjectTests.framework in Frameworks */,
			);
			runOnlyForDeploymentPostprocessing = 0;
		};
		6BF095EA1D0BCA3100227FC4 /* Frameworks */ = {
			isa = PBXFrameworksBuildPhase;
			buildActionMask = 2147483647;
			files = (
				91B3434DFBBF3174856CF94B /* Pods_PlayFull_ProjectUITests.framework in Frameworks */,
			);
			runOnlyForDeploymentPostprocessing = 0;
		};
/* End PBXFrameworksBuildPhase section */

/* Begin PBXGroup section */
		2E39B0234C4E209C68DEF9D1 /* Pods */ = {
			isa = PBXGroup;
			children = (
				949464D3FC01CF2A25F1118A /* Pods-PlayFull Project.debug.xcconfig */,
				80A863C49CA71322DDCB82ED /* Pods-PlayFull Project.release.xcconfig */,
				5ECF195060248F1CAC07B75C /* Pods-PlayFull ProjectTests.debug.xcconfig */,
				23E11AF5023FF03D87CCCA28 /* Pods-PlayFull ProjectTests.release.xcconfig */,
				E94D0375AF47C526199ED3A8 /* Pods-PlayFull ProjectUITests.debug.xcconfig */,
				38B01119E2B99BAB11D00721 /* Pods-PlayFull ProjectUITests.release.xcconfig */,
			);
			name = Pods;
			sourceTree = "<group>";
		};
		6BF095C21D0BCA3000227FC4 = {
			isa = PBXGroup;
			children = (
				6BF095CD1D0BCA3000227FC4 /* PlayFull Project */,
				6BF095E51D0BCA3100227FC4 /* PlayFull ProjectTests */,
				6BF095F01D0BCA3100227FC4 /* PlayFull ProjectUITests */,
				6BF095CC1D0BCA3000227FC4 /* Products */,
				2E39B0234C4E209C68DEF9D1 /* Pods */,
				9BE9CB3B852765E7A0AB99D1 /* Frameworks */,
			);
			sourceTree = "<group>";
		};
		6BF095CC1D0BCA3000227FC4 /* Products */ = {
			isa = PBXGroup;
			children = (
				6BF095CB1D0BCA3000227FC4 /* PlayFull Project.app */,
				6BF095E21D0BCA3100227FC4 /* PlayFull ProjectTests.xctest */,
				6BF095ED1D0BCA3100227FC4 /* PlayFull ProjectUITests.xctest */,
			);
			name = Products;
			sourceTree = "<group>";
		};
		6BF095CD1D0BCA3000227FC4 /* PlayFull Project */ = {
			isa = PBXGroup;
			children = (
				6BF095CE1D0BCA3100227FC4 /* AppDelegate.swift */,
				6BF095D01D0BCA3100227FC4 /* ViewController.swift */,
				6BF095D21D0BCA3100227FC4 /* Main.storyboard */,
				6BF095D81D0BCA3100227FC4 /* Assets.xcassets */,
				6BF095DA1D0BCA3100227FC4 /* LaunchScreen.storyboard */,
				6BF095DD1D0BCA3100227FC4 /* Info.plist */,
				6BF095D51D0BCA3100227FC4 /* PlayFull_Project.xcdatamodeld */,
			);
			path = "PlayFull Project";
			sourceTree = "<group>";
		};
		6BF095E51D0BCA3100227FC4 /* PlayFull ProjectTests */ = {
			isa = PBXGroup;
			children = (
				6BF095E61D0BCA3100227FC4 /* PlayFull_ProjectTests.swift */,
				6BF095E81D0BCA3100227FC4 /* Info.plist */,
			);
			path = "PlayFull ProjectTests";
			sourceTree = "<group>";
		};
		6BF095F01D0BCA3100227FC4 /* PlayFull ProjectUITests */ = {
			isa = PBXGroup;
			children = (
				6BF095F11D0BCA3100227FC4 /* PlayFull_ProjectUITests.swift */,
				6BF095F31D0BCA3100227FC4 /* Info.plist */,
			);
			path = "PlayFull ProjectUITests";
			sourceTree = "<group>";
		};
		9BE9CB3B852765E7A0AB99D1 /* Frameworks */ = {
			isa = PBXGroup;
			children = (
				22015D7DECC5CA040FF7D054 /* Pods_PlayFull_Project.framework */,
				18DAD0A70D6530859C69F036 /* Pods_PlayFull_ProjectTests.framework */,
				3FD76D32F9A4FDA42DC439D6 /* Pods_PlayFull_ProjectUITests.framework */,
			);
			name = Frameworks;
			sourceTree = "<group>";
		};
/* End PBXGroup section */

/* Begin PBXNativeTarget section */
		6BF095CA1D0BCA3000227FC4 /* PlayFull Project */ = {
			isa = PBXNativeTarget;
			buildConfigurationList = 6BF095F61D0BCA3100227FC4 /* Build configuration list for PBXNativeTarget "PlayFull Project" */;
			buildPhases = (
				37A1F45FBB56945299C54135 /* [CP] Check Pods Manifest.lock */,
				6BF095C71D0BCA3000227FC4 /* Sources */,
				6BF095C81D0BCA3000227FC4 /* Frameworks */,
				6BF095C91D0BCA3000227FC4 /* Resources */,
				F1A209245CC4FE6C1BE3FD95 /* [CP] Embed Pods Frameworks */,
				9CC89CA1109B710A5B17F5C6 /* [CP] Copy Pods Resources */,
			);
			buildRules = (
			);
			dependencies = (
			);
			name = "PlayFull Project";
			productName = "PlayFull Project";
			productReference = 6BF095CB1D0BCA3000227FC4 /* PlayFull Project.app */;
			productType = "com.apple.product-type.application";
		};
		6BF095E11D0BCA3100227FC4 /* PlayFull ProjectTests */ = {
			isa = PBXNativeTarget;
			buildConfigurationList = 6BF095F91D0BCA3100227FC4 /* Build configuration list for PBXNativeTarget "PlayFull ProjectTests" */;
			buildPhases = (
				14ED6C92B40A86F94AA51F5B /* [CP] Check Pods Manifest.lock */,
				6BF095DE1D0BCA3100227FC4 /* Sources */,
				6BF095DF1D0BCA3100227FC4 /* Frameworks */,
				6BF095E01D0BCA3100227FC4 /* Resources */,
				A8761A857F767ACAAC1C460A /* [CP] Embed Pods Frameworks */,
				C44316E12C0FAFA4FD9916C9 /* [CP] Copy Pods Resources */,
			);
			buildRules = (
			);
			dependencies = (
				6BF095E41D0BCA3100227FC4 /* PBXTargetDependency */,
			);
			name = "PlayFull ProjectTests";
			productName = "PlayFull ProjectTests";
			productReference = 6BF095E21D0BCA3100227FC4 /* PlayFull ProjectTests.xctest */;
			productType = "com.apple.product-type.bundle.unit-test";
		};
		6BF095EC1D0BCA3100227FC4 /* PlayFull ProjectUITests */ = {
			isa = PBXNativeTarget;
			buildConfigurationList = 6BF095FC1D0BCA3100227FC4 /* Build configuration list for PBXNativeTarget "PlayFull ProjectUITests" */;
			buildPhases = (
				2E756D98EE6D9C54E8208B8F /* [CP] Check Pods Manifest.lock */,
				6BF095E91D0BCA3100227FC4 /* Sources */,
				6BF095EA1D0BCA3100227FC4 /* Frameworks */,
				6BF095EB1D0BCA3100227FC4 /* Resources */,
				46E2B356C0CBBD94318F262B /* [CP] Copy Pods Resources */,
			);
			buildRules = (
			);
			dependencies = (
				6BF095EF1D0BCA3100227FC4 /* PBXTargetDependency */,
			);
			name = "PlayFull ProjectUITests";
			productName = "PlayFull ProjectUITests";
			productReference = 6BF095ED1D0BCA3100227FC4 /* PlayFull ProjectUITests.xctest */;
			productType = "com.apple.product-type.bundle.ui-testing";
		};
/* End PBXNativeTarget section */

/* Begin PBXProject section */
		6BF095C31D0BCA3000227FC4 /* Project object */ = {
			isa = PBXProject;
			attributes = {
				LastSwiftUpdateCheck = 0730;
				LastUpgradeCheck = 0730;
				ORGANIZATIONNAME = "Matthew Allen Lin Software";
				TargetAttributes = {
					6BF095CA1D0BCA3000227FC4 = {
						CreatedOnToolsVersion = 7.3.1;
					};
					6BF095E11D0BCA3100227FC4 = {
						CreatedOnToolsVersion = 7.3.1;
						TestTargetID = 6BF095CA1D0BCA3000227FC4;
					};
					6BF095EC1D0BCA3100227FC4 = {
						CreatedOnToolsVersion = 7.3.1;
						TestTargetID = 6BF095CA1D0BCA3000227FC4;
					};
				};
			};
			buildConfigurationList = 6BF095C61D0BCA3000227FC4 /* Build configuration list for PBXProject "PlayFull Project" */;
			compatibilityVersion = "Xcode 3.2";
			developmentRegion = English;
			hasScannedForEncodings = 0;
			knownRegions = (
				en,
				Base,
			);
			mainGroup = 6BF095C21D0BCA3000227FC4;
			productRefGroup = 6BF095CC1D0BCA3000227FC4 /* Products */;
			projectDirPath = "";
			projectRoot = "";
			targets = (
				6BF095CA1D0BCA3000227FC4 /* PlayFull Project */,
				6BF095E11D0BCA3100227FC4 /* PlayFull ProjectTests */,
				6BF095EC1D0BCA3100227FC4 /* PlayFull ProjectUITests */,
			);
		};
/* End PBXProject section */

/* Begin PBXResourcesBuildPhase section */
		6BF095C91D0BCA3000227FC4 /* Resources */ = {
			isa = PBXResourcesBuildPhase;
			buildActionMask = 2147483647;
			files = (
				6BF095DC1D0BCA3100227FC4 /* LaunchScreen.storyboard in Resources */,
				6BF095D91D0BCA3100227FC4 /* Assets.xcassets in Resources */,
				6BF095D41D0BCA3100227FC4 /* Main.storyboard in Resources */,
			);
			runOnlyForDeploymentPostprocessing = 0;
		};
		6BF095E01D0BCA3100227FC4 /* Resources */ = {
			isa = PBXResourcesBuildPhase;
			buildActionMask = 2147483647;
			files = (
			);
			runOnlyForDeploymentPostprocessing = 0;
		};
		6BF095EB1D0BCA3100227FC4 /* Resources */ = {
			isa = PBXResourcesBuildPhase;
			buildActionMask = 2147483647;
			files = (
			);
			runOnlyForDeploymentPostprocessing = 0;
		};
/* End PBXResourcesBuildPhase section */

/* Begin PBXShellScriptBuildPhase section */
		14ED6C92B40A86F94AA51F5B /* [CP] Check Pods Manifest.lock */ = {
			isa = PBXShellScriptBuildPhase;
			buildActionMask = 2147483647;
			files = (
			);
			inputPaths = (
			);
			name = "[CP] Check Pods Manifest.lock";
			outputPaths = (
			);
			runOnlyForDeploymentPostprocessing = 0;
			shellPath = /bin/sh;
			shellScript = "diff \"${PODS_ROOT}/../Podfile.lock\" \"${PODS_ROOT}/Manifest.lock\" > /dev/null\nif [[ $? != 0 ]] ; then\n    cat << EOM\nerror: The sandbox is not in sync with the Podfile.lock. Run 'pod install' or update your CocoaPods installation.\nEOM\n    exit 1\nfi\n";
			showEnvVarsInLog = 0;
		};
		2E756D98EE6D9C54E8208B8F /* [CP] Check Pods Manifest.lock */ = {
			isa = PBXShellScriptBuildPhase;
			buildActionMask = 2147483647;
			files = (
			);
			inputPaths = (
			);
			name = "[CP] Check Pods Manifest.lock";
			outputPaths = (
			);
			runOnlyForDeploymentPostprocessing = 0;
			shellPath = /bin/sh;
			shellScript = "diff \"${PODS_ROOT}/../Podfile.lock\" \"${PODS_ROOT}/Manifest.lock\" > /dev/null\nif [[ $? != 0 ]] ; then\n    cat << EOM\nerror: The sandbox is not in sync with the Podfile.lock. Run 'pod install' or update your CocoaPods installation.\nEOM\n    exit 1\nfi\n";
			showEnvVarsInLog = 0;
		};
		37A1F45FBB56945299C54135 /* [CP] Check Pods Manifest.lock */ = {
			isa = PBXShellScriptBuildPhase;
			buildActionMask = 2147483647;
			files = (
			);
			inputPaths = (
			);
			name = "[CP] Check Pods Manifest.lock";
			outputPaths = (
			);
			runOnlyForDeploymentPostprocessing = 0;
			shellPath = /bin/sh;
			shellScript = "diff \"${PODS_ROOT}/../Podfile.lock\" \"${PODS_ROOT}/Manifest.lock\" > /dev/null\nif [[ $? != 0 ]] ; then\n    cat << EOM\nerror: The sandbox is not in sync with the Podfile.lock. Run 'pod install' or update your CocoaPods installation.\nEOM\n    exit 1\nfi\n";
			showEnvVarsInLog = 0;
		};
		46E2B356C0CBBD94318F262B /* [CP] Copy Pods Resources */ = {
			isa = PBXShellScriptBuildPhase;
			buildActionMask = 2147483647;
			files = (
			);
			inputPaths = (
			);
			name = "[CP] Copy Pods Resources";
			outputPaths = (
			);
			runOnlyForDeploymentPostprocessing = 0;
			shellPath = /bin/sh;
			shellScript = "\"${SRCROOT}/Pods/Target Support Files/Pods-PlayFull ProjectUITests/Pods-PlayFull ProjectUITests-resources.sh\"\n";
			showEnvVarsInLog = 0;
		};
		9CC89CA1109B710A5B17F5C6 /* [CP] Copy Pods Resources */ = {
			isa = PBXShellScriptBuildPhase;
			buildActionMask = 2147483647;
			files = (
			);
			inputPaths = (
			);
			name = "[CP] Copy Pods Resources";
			outputPaths = (
			);
			runOnlyForDeploymentPostprocessing = 0;
			shellPath = /bin/sh;
			shellScript = "\"${SRCROOT}/Pods/Target Support Files/Pods-PlayFull Project/Pods-PlayFull Project-resources.sh\"\n";
			showEnvVarsInLog = 0;
		};
		A8761A857F767ACAAC1C460A /* [CP] Embed Pods Frameworks */ = {
			isa = PBXShellScriptBuildPhase;
			buildActionMask = 2147483647;
			files = (
			);
			inputPaths = (
			);
			name = "[CP] Embed Pods Frameworks";
			outputPaths = (
			);
			runOnlyForDeploymentPostprocessing = 0;
			shellPath = /bin/sh;
			shellScript = "\"${SRCROOT}/Pods/Target Support Files/Pods-PlayFull ProjectTests/Pods-PlayFull ProjectTests-frameworks.sh\"\n";
			showEnvVarsInLog = 0;
		};
		C44316E12C0FAFA4FD9916C9 /* [CP] Copy Pods Resources */ = {
			isa = PBXShellScriptBuildPhase;
			buildActionMask = 2147483647;
			files = (
			);
			inputPaths = (
			);
			name = "[CP] Copy Pods Resources";
			outputPaths = (
			);
			runOnlyForDeploymentPostprocessing = 0;
			shellPath = /bin/sh;
			shellScript = "\"${SRCROOT}/Pods/Target Support Files/Pods-PlayFull ProjectTests/Pods-PlayFull ProjectTests-resources.sh\"\n";
			showEnvVarsInLog = 0;
		};
		F1A209245CC4FE6C1BE3FD95 /* [CP] Embed Pods Frameworks */ = {
			isa = PBXShellScriptBuildPhase;
			buildActionMask = 2147483647;
			files = (
			);
			inputPaths = (
			);
			name = "[CP] Embed Pods Frameworks";
			outputPaths = (
			);
			runOnlyForDeploymentPostprocessing = 0;
			shellPath = /bin/sh;
			shellScript = "\"${SRCROOT}/Pods/Target Support Files/Pods-PlayFull Project/Pods-PlayFull Project-frameworks.sh\"\n";
			showEnvVarsInLog = 0;
		};
/* End PBXShellScriptBuildPhase section */

/* Begin PBXSourcesBuildPhase section */
		6BF095C71D0BCA3000227FC4 /* Sources */ = {
			isa = PBXSourcesBuildPhase;
			buildActionMask = 2147483647;
			files = (
				6BF095D71D0BCA3100227FC4 /* PlayFull_Project.xcdatamodeld in Sources */,
				6BF095D11D0BCA3100227FC4 /* ViewController.swift in Sources */,
				6BF095CF1D0BCA3100227FC4 /* AppDelegate.swift in Sources */,
			);
			runOnlyForDeploymentPostprocessing = 0;
		};
		6BF095DE1D0BCA3100227FC4 /* Sources */ = {
			isa = PBXSourcesBuildPhase;
			buildActionMask = 2147483647;
			files = (
				6BF095E71D0BCA3100227FC4 /* PlayFull_ProjectTests.swift in Sources */,
			);
			runOnlyForDeploymentPostprocessing = 0;
		};
		6BF095E91D0BCA3100227FC4 /* Sources */ = {
			isa = PBXSourcesBuildPhase;
			buildActionMask = 2147483647;
			files = (
				6BF095F21D0BCA3100227FC4 /* PlayFull_ProjectUITests.swift in Sources */,
			);
			runOnlyForDeploymentPostprocessing = 0;
		};
/* End PBXSourcesBuildPhase section */

/* Begin PBXTargetDependency section */
		6BF095E41D0BCA3100227FC4 /* PBXTargetDependency */ = {
			isa = PBXTargetDependency;
			target = 6BF095CA1D0BCA3000227FC4 /* PlayFull Project */;
			targetProxy = 6BF095E31D0BCA3100227FC4 /* PBXContainerItemProxy */;
		};
		6BF095EF1D0BCA3100227FC4 /* PBXTargetDependency */ = {
			isa = PBXTargetDependency;
			target = 6BF095CA1D0BCA3000227FC4 /* PlayFull Project */;
			targetProxy = 6BF095EE1D0BCA3100227FC4 /* PBXContainerItemProxy */;
		};
/* End PBXTargetDependency section */

/* Begin PBXVariantGroup section */
		6BF095D21D0BCA3100227FC4 /* Main.storyboard */ = {
			isa = PBXVariantGroup;
			children = (
				6BF095D31D0BCA3100227FC4 /* Base */,
			);
			name = Main.storyboard;
			sourceTree = "<group>";
		};
		6BF095DA1D0BCA3100227FC4 /* LaunchScreen.storyboard */ = {
			isa = PBXVariantGroup;
			children = (
				6BF095DB1D0BCA3100227FC4 /* Base */,
			);
			name = LaunchScreen.storyboard;
			sourceTree = "<group>";
		};
/* End PBXVariantGroup section */

/* Begin XCBuildConfiguration section */
		6BF095F41D0BCA3100227FC4 /* Debug */ = {
			isa = XCBuildConfiguration;
			buildSettings = {
				ALWAYS_SEARCH_USER_PATHS = NO;
				CLANG_ANALYZER_NONNULL = YES;
				CLANG_CXX_LANGUAGE_STANDARD = "gnu++0x";
				CLANG_CXX_LIBRARY = "libc++";
				CLANG_ENABLE_MODULES = YES;
				CLANG_ENABLE_OBJC_ARC = YES;
				CLANG_WARN_BOOL_CONVERSION = YES;
				CLANG_WARN_CONSTANT_CONVERSION = YES;
				CLANG_WARN_DIRECT_OBJC_ISA_USAGE = YES_ERROR;
				CLANG_WARN_EMPTY_BODY = YES;
				CLANG_WARN_ENUM_CONVERSION = YES;
				CLANG_WARN_INT_CONVERSION = YES;
				CLANG_WARN_OBJC_ROOT_CLASS = YES_ERROR;
				CLANG_WARN_UNREACHABLE_CODE = YES;
				CLANG_WARN__DUPLICATE_METHOD_MATCH = YES;
				"CODE_SIGN_IDENTITY[sdk=iphoneos*]" = "iPhone Developer";
				COPY_PHASE_STRIP = NO;
				DEBUG_INFORMATION_FORMAT = dwarf;
				ENABLE_STRICT_OBJC_MSGSEND = YES;
				ENABLE_TESTABILITY = YES;
				GCC_C_LANGUAGE_STANDARD = gnu99;
				GCC_DYNAMIC_NO_PIC = NO;
				GCC_NO_COMMON_BLOCKS = YES;
				GCC_OPTIMIZATION_LEVEL = 0;
				GCC_PREPROCESSOR_DEFINITIONS = (
					"DEBUG=1",
					"$(inherited)",
				);
				GCC_WARN_64_TO_32_BIT_CONVERSION = YES;
				GCC_WARN_ABOUT_RETURN_TYPE = YES_ERROR;
				GCC_WARN_UNDECLARED_SELECTOR = YES;
				GCC_WARN_UNINITIALIZED_AUTOS = YES_AGGRESSIVE;
				GCC_WARN_UNUSED_FUNCTION = YES;
				GCC_WARN_UNUSED_VARIABLE = YES;
				IPHONEOS_DEPLOYMENT_TARGET = 9.3;
				MTL_ENABLE_DEBUG_INFO = YES;
				ONLY_ACTIVE_ARCH = YES;
				SDKROOT = iphoneos;
				SWIFT_OPTIMIZATION_LEVEL = "-Onone";
				TARGETED_DEVICE_FAMILY = "1,2";
			};
			name = Debug;
		};
		6BF095F51D0BCA3100227FC4 /* Release */ = {
			isa = XCBuildConfiguration;
			buildSettings = {
				ALWAYS_SEARCH_USER_PATHS = NO;
				CLANG_ANALYZER_NONNULL = YES;
				CLANG_CXX_LANGUAGE_STANDARD = "gnu++0x";
				CLANG_CXX_LIBRARY = "libc++";
				CLANG_ENABLE_MODULES = YES;
				CLANG_ENABLE_OBJC_ARC = YES;
				CLANG_WARN_BOOL_CONVERSION = YES;
				CLANG_WARN_CONSTANT_CONVERSION = YES;
				CLANG_WARN_DIRECT_OBJC_ISA_USAGE = YES_ERROR;
				CLANG_WARN_EMPTY_BODY = YES;
				CLANG_WARN_ENUM_CONVERSION = YES;
				CLANG_WARN_INT_CONVERSION = YES;
				CLANG_WARN_OBJC_ROOT_CLASS = YES_ERROR;
				CLANG_WARN_UNREACHABLE_CODE = YES;
				CLANG_WARN__DUPLICATE_METHOD_MATCH = YES;
				"CODE_SIGN_IDENTITY[sdk=iphoneos*]" = "iPhone Developer";
				COPY_PHASE_STRIP = NO;
				DEBUG_INFORMATION_FORMAT = "dwarf-with-dsym";
				ENABLE_NS_ASSERTIONS = NO;
				ENABLE_STRICT_OBJC_MSGSEND = YES;
				GCC_C_LANGUAGE_STANDARD = gnu99;
				GCC_NO_COMMON_BLOCKS = YES;
				GCC_WARN_64_TO_32_BIT_CONVERSION = YES;
				GCC_WARN_ABOUT_RETURN_TYPE = YES_ERROR;
				GCC_WARN_UNDECLARED_SELECTOR = YES;
				GCC_WARN_UNINITIALIZED_AUTOS = YES_AGGRESSIVE;
				GCC_WARN_UNUSED_FUNCTION = YES;
				GCC_WARN_UNUSED_VARIABLE = YES;
				IPHONEOS_DEPLOYMENT_TARGET = 9.3;
				MTL_ENABLE_DEBUG_INFO = NO;
				SDKROOT = iphoneos;
				TARGETED_DEVICE_FAMILY = "1,2";
				VALIDATE_PRODUCT = YES;
			};
			name = Release;
		};
		6BF095F71D0BCA3100227FC4 /* Debug */ = {
			isa = XCBuildConfiguration;
			baseConfigurationReference = 949464D3FC01CF2A25F1118A /* Pods-PlayFull Project.debug.xcconfig */;
			buildSettings = {
				ASSETCATALOG_COMPILER_APPICON_NAME = AppIcon;
				INFOPLIST_FILE = "PlayFull Project/Info.plist";
				IPHONEOS_DEPLOYMENT_TARGET = 9.0;
				LD_RUNPATH_SEARCH_PATHS = "$(inherited) @executable_path/Frameworks";
				PRODUCT_BUNDLE_IDENTIFIER = "Matthew-Allen-Lin-Software.PlayFull-Project";
				PRODUCT_NAME = "$(TARGET_NAME)";
			};
			name = Debug;
		};
		6BF095F81D0BCA3100227FC4 /* Release */ = {
			isa = XCBuildConfiguration;
			baseConfigurationReference = 80A863C49CA71322DDCB82ED /* Pods-PlayFull Project.release.xcconfig */;
			buildSettings = {
				ASSETCATALOG_COMPILER_APPICON_NAME = AppIcon;
				INFOPLIST_FILE = "PlayFull Project/Info.plist";
				IPHONEOS_DEPLOYMENT_TARGET = 9.0;
				LD_RUNPATH_SEARCH_PATHS = "$(inherited) @executable_path/Frameworks";
				PRODUCT_BUNDLE_IDENTIFIER = "Matthew-Allen-Lin-Software.PlayFull-Project";
				PRODUCT_NAME = "$(TARGET_NAME)";
			};
			name = Release;
		};
		6BF095FA1D0BCA3100227FC4 /* Debug */ = {
			isa = XCBuildConfiguration;
			baseConfigurationReference = 5ECF195060248F1CAC07B75C /* Pods-PlayFull ProjectTests.debug.xcconfig */;
			buildSettings = {
				BUNDLE_LOADER = "$(TEST_HOST)";
				INFOPLIST_FILE = "PlayFull ProjectTests/Info.plist";
				LD_RUNPATH_SEARCH_PATHS = "$(inherited) @executable_path/Frameworks @loader_path/Frameworks";
				PRODUCT_BUNDLE_IDENTIFIER = "Matthew-Allen-Lin-Software.PlayFull-ProjectTests";
				PRODUCT_NAME = "$(TARGET_NAME)";
				TEST_HOST = "$(BUILT_PRODUCTS_DIR)/PlayFull Project.app/PlayFull Project";
			};
			name = Debug;
		};
		6BF095FB1D0BCA3100227FC4 /* Release */ = {
			isa = XCBuildConfiguration;
			baseConfigurationReference = 23E11AF5023FF03D87CCCA28 /* Pods-PlayFull ProjectTests.release.xcconfig */;
			buildSettings = {
				BUNDLE_LOADER = "$(TEST_HOST)";
				INFOPLIST_FILE = "PlayFull ProjectTests/Info.plist";
				LD_RUNPATH_SEARCH_PATHS = "$(inherited) @executable_path/Frameworks @loader_path/Frameworks";
				PRODUCT_BUNDLE_IDENTIFIER = "Matthew-Allen-Lin-Software.PlayFull-ProjectTests";
				PRODUCT_NAME = "$(TARGET_NAME)";
				TEST_HOST = "$(BUILT_PRODUCTS_DIR)/PlayFull Project.app/PlayFull Project";
			};
			name = Release;
		};
		6BF095FD1D0BCA3100227FC4 /* Debug */ = {
			isa = XCBuildConfiguration;
			baseConfigurationReference = E94D0375AF47C526199ED3A8 /* Pods-PlayFull ProjectUITests.debug.xcconfig */;
			buildSettings = {
				INFOPLIST_FILE = "PlayFull ProjectUITests/Info.plist";
				LD_RUNPATH_SEARCH_PATHS = "$(inherited) @executable_path/Frameworks @loader_path/Frameworks";
				PRODUCT_BUNDLE_IDENTIFIER = "Matthew-Allen-Lin-Software.PlayFull-ProjectUITests";
				PRODUCT_NAME = "$(TARGET_NAME)";
				TEST_TARGET_NAME = "PlayFull Project";
			};
			name = Debug;
		};
		6BF095FE1D0BCA3100227FC4 /* Release */ = {
			isa = XCBuildConfiguration;
			baseConfigurationReference = 38B01119E2B99BAB11D00721 /* Pods-PlayFull ProjectUITests.release.xcconfig */;
			buildSettings = {
				INFOPLIST_FILE = "PlayFull ProjectUITests/Info.plist";
				LD_RUNPATH_SEARCH_PATHS = "$(inherited) @executable_path/Frameworks @loader_path/Frameworks";
				PRODUCT_BUNDLE_IDENTIFIER = "Matthew-Allen-Lin-Software.PlayFull-ProjectUITests";
				PRODUCT_NAME = "$(TARGET_NAME)";
				TEST_TARGET_NAME = "PlayFull Project";
			};
			name = Release;
		};
/* End XCBuildConfiguration section */

/* Begin XCConfigurationList section */
		6BF095C61D0BCA3000227FC4 /* Build configuration list for PBXProject "PlayFull Project" */ = {
			isa = XCConfigurationList;
			buildConfigurations = (
				6BF095F41D0BCA3100227FC4 /* Debug */,
				6BF095F51D0BCA3100227FC4 /* Release */,
			);
			defaultConfigurationIsVisible = 0;
			defaultConfigurationName = Release;
		};
		6BF095F61D0BCA3100227FC4 /* Build configuration list for PBXNativeTarget "PlayFull Project" */ = {
			isa = XCConfigurationList;
			buildConfigurations = (
				6BF095F71D0BCA3100227FC4 /* Debug */,
				6BF095F81D0BCA3100227FC4 /* Release */,
			);
			defaultConfigurationIsVisible = 0;
			defaultConfigurationName = Release;
		};
		6BF095F91D0BCA3100227FC4 /* Build configuration list for PBXNativeTarget "PlayFull ProjectTests" */ = {
			isa = XCConfigurationList;
			buildConfigurations = (
				6BF095FA1D0BCA3100227FC4 /* Debug */,
				6BF095FB1D0BCA3100227FC4 /* Release */,
			);
			defaultConfigurationIsVisible = 0;
			defaultConfigurationName = Release;
		};
		6BF095FC1D0BCA3100227FC4 /* Build configuration list for PBXNativeTarget "PlayFull ProjectUITests" */ = {
			isa = XCConfigurationList;
			buildConfigurations = (
				6BF095FD1D0BCA3100227FC4 /* Debug */,
				6BF095FE1D0BCA3100227FC4 /* Release */,
			);
			defaultConfigurationIsVisible = 0;
			defaultConfigurationName = Release;
		};
/* End XCConfigurationList section */

/* Begin XCVersionGroup section */
		6BF095D51D0BCA3100227FC4 /* PlayFull_Project.xcdatamodeld */ = {
			isa = XCVersionGroup;
			children = (
				6BF095D61D0BCA3100227FC4 /* PlayFull_Project.xcdatamodel */,
			);
			currentVersion = 6BF095D61D0BCA3100227FC4 /* PlayFull_Project.xcdatamodel */;
			path = PlayFull_Project.xcdatamodeld;
			sourceTree = "<group>";
			versionGroupType = wrapper.xcdatamodel;
		};
/* End XCVersionGroup section */
	};
	rootObject = 6BF095C31D0BCA3000227FC4 /* Project object */;
}
